
Microsoft Visual Studio Solution File, Format Version 12.00
# Visual Studio Version 17
VisualStudioVersion = 17.5.002.0
MinimumVisualStudioVersion = 10.0.40219.1
Project("{9A19103F-16F7-4668-BE54-9A1E7A4F7556}") = "CriacaoEndPoint", "CriacaoEndPoint.csproj", "{43A36B2E-A244-489E-B869-02512FD16838}"
EndProject
Global
	GlobalSection(SolutionConfigurationPlatforms) = preSolution
		Debug|Any CPU = Debug|Any CPU
		Release|Any CPU = Release|Any CPU
	EndGlobalSection
	GlobalSection(ProjectConfigurationPlatforms) = postSolution
		{43A36B2E-A244-489E-B869-02512FD16838}.Debug|Any CPU.ActiveCfg = Debug|Any CPU
		{43A36B2E-A244-489E-B869-02512FD16838}.Debug|Any CPU.Build.0 = Debug|Any CPU
		{43A36B2E-A244-489E-B869-02512FD16838}.Release|Any CPU.ActiveCfg = Release|Any CPU
		{43A36B2E-A244-489E-B869-02512FD16838}.Release|Any CPU.Build.0 = Release|Any CPU
	EndGlobalSection
	GlobalSection(SolutionProperties) = preSolution
		HideSolutionNode = FALSE
	EndGlobalSection
	GlobalSection(ExtensibilityGlobals) = postSolution
		SolutionGuid = {A252174A-9411-4170-8722-79B41D685E17}
	EndGlobalSection
EndGlobal
